
Microsoft Visual Studio Solution File, Format Version 12.00
# Visual Studio Version 16
VisualStudioVersion = 16.0.30011.22
MinimumVisualStudioVersion = 10.0.40219.1
Project("{FAE04EC0-301F-11D3-BF4B-00C04F79EFBC}") = "QSharpApplication1", "QSharpApplication1\QSharpApplication1.csproj", "{7A5B22CE-C626-4F8D-81F1-DC33663F177D}"
EndProject
Global
	GlobalSection(SolutionConfigurationPlatforms) = preSolution
		Debug|Any CPU = Debug|Any CPU
		Release|Any CPU = Release|Any CPU
	EndGlobalSection
	GlobalSection(ProjectConfigurationPlatforms) = postSolution
		{7A5B22CE-C626-4F8D-81F1-DC33663F177D}.Debug|Any CPU.ActiveCfg = Debug|Any CPU
		{7A5B22CE-C626-4F8D-81F1-DC33663F177D}.Debug|Any CPU.Build.0 = Debug|Any CPU
		{7A5B22CE-C626-4F8D-81F1-DC33663F177D}.Release|Any CPU.ActiveCfg = Release|Any CPU
		{7A5B22CE-C626-4F8D-81F1-DC33663F177D}.Release|Any CPU.Build.0 = Release|Any CPU
	EndGlobalSection
	GlobalSection(SolutionProperties) = preSolution
		HideSolutionNode = FALSE
	EndGlobalSection
	GlobalSection(ExtensibilityGlobals) = postSolution
		SolutionGuid = {FA777F60-2298-441E-967A-008E27A43BAA}
	EndGlobalSection
EndGlobal
